
Microsoft Visual Studio Solution File, Format Version 12.00
# Visual Studio Version 16
VisualStudioVersion = 16.0.29123.88
MinimumVisualStudioVersion = 10.0.40219.1
Project("{FAE04EC0-301F-11D3-BF4B-00C04F79EFBC}") = "toovysApi", "toovysApi.csproj", "{C466CEE0-84CE-4DB0-89FB-F6BA6B3C99C5}"
EndProject
Global
	GlobalSection(SolutionConfigurationPlatforms) = preSolution
		Debug|Any CPU = Debug|Any CPU
		Release|Any CPU = Release|Any CPU
	EndGlobalSection
	GlobalSection(ProjectConfigurationPlatforms) = postSolution
		{C466CEE0-84CE-4DB0-89FB-F6BA6B3C99C5}.Debug|Any CPU.ActiveCfg = Debug|Any CPU
		{C466CEE0-84CE-4DB0-89FB-F6BA6B3C99C5}.Debug|Any CPU.Build.0 = Debug|Any CPU
		{C466CEE0-84CE-4DB0-89FB-F6BA6B3C99C5}.Release|Any CPU.ActiveCfg = Release|Any CPU
		{C466CEE0-84CE-4DB0-89FB-F6BA6B3C99C5}.Release|Any CPU.Build.0 = Release|Any CPU
	EndGlobalSection
	GlobalSection(SolutionProperties) = preSolution
		HideSolutionNode = FALSE
	EndGlobalSection
	GlobalSection(ExtensibilityGlobals) = postSolution
		SolutionGuid = {E244F3CC-E631-420C-92BB-A606A7C684F5}
	EndGlobalSection
EndGlobal
